[[package]]
name = "connorama"
version = "0.0.3"
description = "colours for python terminal"
category = "main"
optional = false
python-versions = ">3.0"

[metadata]
lock-version = "1.1"
python-versions = "^3.8"
content-hash = "aeb444096423277d9dc0f5df40f887c944e34cf025290b7c28d896469bada5d4"

[metadata.files]
connorama = [
    {file = "connorama-0.0.3-py3-none-any.whl", hash = "sha256:83146afc5cbec9407c538604a4ddd1a35f9efeb3ac45c50c04fb00a761444945"},
    {file = "connorama-0.0.3.tar.gz", hash = "sha256:d9f7b02b36943e59294c66b92759939e552555e2f8e8cce47336f14a500e2e0f"},
]
